
Microsoft Visual Studio Solution File, Format Version 12.00
# Visual Studio Version 16
VisualStudioVersion = 16.0.30204.135
MinimumVisualStudioVersion = 10.0.40219.1
Project("{9A19103F-16F7-4668-BE54-9A1E7A4F7556}") = "Api", "Api\Api.csproj", "{BF5A8790-BC64-4E49-B2FA-9CAD8DBB6B5F}"
EndProject
Project("{9A19103F-16F7-4668-BE54-9A1E7A4F7556}") = "DAL", "DAL\DAL.csproj", "{9DAE9DF1-588A-4E4C-9A68-733DE4235BC8}"
EndProject
Project("{9A19103F-16F7-4668-BE54-9A1E7A4F7556}") = "Domain", "Domain\Domain.csproj", "{24E64A11-6C0B-4CBE-B52B-104B87778F23}"
EndProject
Project("{9A19103F-16F7-4668-BE54-9A1E7A4F7556}") = "Logic", "Logic\Logic.csproj", "{8F72E085-296F-4FDC-8BE4-AD98BDC25D7D}"
EndProject
Project("{9A19103F-16F7-4668-BE54-9A1E7A4F7556}") = "ApplicationSettings", "ApplicationSettings\ApplicationSettings.csproj", "{584F179C-E3A1-4BF3-9F39-E7AA59E40A06}"
EndProject
Project("{9A19103F-16F7-4668-BE54-9A1E7A4F7556}") = "Utils", "Utils\Utils.csproj", "{968AF314-8F30-41C9-B936-659A0B01A9F0}"
EndProject
Project("{9A19103F-16F7-4668-BE54-9A1E7A4F7556}") = "Infrastructure", "Infrastructure\Infrastructure.csproj", "{57C5C39E-7D0C-4C2C-9F7A-F819D0316368}"
EndProject
Project("{9A19103F-16F7-4668-BE54-9A1E7A4F7556}") = "Tests", "Tests\Tests.csproj", "{9E057E13-C7E6-4EAA-9621-E5C27784C30C}"
EndProject
Global
	GlobalSection(SolutionConfigurationPlatforms) = preSolution
		Debug|Any CPU = Debug|Any CPU
		Release|Any CPU = Release|Any CPU
	EndGlobalSection
	GlobalSection(ProjectConfigurationPlatforms) = postSolution
		{BF5A8790-BC64-4E49-B2FA-9CAD8DBB6B5F}.Debug|Any CPU.ActiveCfg = Debug|Any CPU
		{BF5A8790-BC64-4E49-B2FA-9CAD8DBB6B5F}.Debug|Any CPU.Build.0 = Debug|Any CPU
		{BF5A8790-BC64-4E49-B2FA-9CAD8DBB6B5F}.Release|Any CPU.ActiveCfg = Release|Any CPU
		{BF5A8790-BC64-4E49-B2FA-9CAD8DBB6B5F}.Release|Any CPU.Build.0 = Release|Any CPU
		{9DAE9DF1-588A-4E4C-9A68-733DE4235BC8}.Debug|Any CPU.ActiveCfg = Debug|Any CPU
		{9DAE9DF1-588A-4E4C-9A68-733DE4235BC8}.Debug|Any CPU.Build.0 = Debug|Any CPU
		{9DAE9DF1-588A-4E4C-9A68-733DE4235BC8}.Release|Any CPU.ActiveCfg = Release|Any CPU
		{9DAE9DF1-588A-4E4C-9A68-733DE4235BC8}.Release|Any CPU.Build.0 = Release|Any CPU
		{24E64A11-6C0B-4CBE-B52B-104B87778F23}.Debug|Any CPU.ActiveCfg = Debug|Any CPU
		{24E64A11-6C0B-4CBE-B52B-104B87778F23}.Debug|Any CPU.Build.0 = Debug|Any CPU
		{24E64A11-6C0B-4CBE-B52B-104B87778F23}.Release|Any CPU.ActiveCfg = Release|Any CPU
		{24E64A11-6C0B-4CBE-B52B-104B87778F23}.Release|Any CPU.Build.0 = Release|Any CPU
		{8F72E085-296F-4FDC-8BE4-AD98BDC25D7D}.Debug|Any CPU.ActiveCfg = Debug|Any CPU
		{8F72E085-296F-4FDC-8BE4-AD98BDC25D7D}.Debug|Any CPU.Build.0 = Debug|Any CPU
		{8F72E085-296F-4FDC-8BE4-AD98BDC25D7D}.Release|Any CPU.ActiveCfg = Release|Any CPU
		{8F72E085-296F-4FDC-8BE4-AD98BDC25D7D}.Release|Any CPU.Build.0 = Release|Any CPU
		{584F179C-E3A1-4BF3-9F39-E7AA59E40A06}.Debug|Any CPU.ActiveCfg = Debug|Any CPU
		{584F179C-E3A1-4BF3-9F39-E7AA59E40A06}.Debug|Any CPU.Build.0 = Debug|Any CPU
		{584F179C-E3A1-4BF3-9F39-E7AA59E40A06}.Release|Any CPU.ActiveCfg = Release|Any CPU
		{584F179C-E3A1-4BF3-9F39-E7AA59E40A06}.Release|Any CPU.Build.0 = Release|Any CPU
		{968AF314-8F30-41C9-B936-659A0B01A9F0}.Debug|Any CPU.ActiveCfg = Debug|Any CPU
		{968AF314-8F30-41C9-B936-659A0B01A9F0}.Debug|Any CPU.Build.0 = Debug|Any CPU
		{968AF314-8F30-41C9-B936-659A0B01A9F0}.Release|Any CPU.ActiveCfg = Release|Any CPU
		{968AF314-8F30-41C9-B936-659A0B01A9F0}.Release|Any CPU.Build.0 = Release|Any CPU
		{57C5C39E-7D0C-4C2C-9F7A-F819D0316368}.Debug|Any CPU.ActiveCfg = Debug|Any CPU
		{57C5C39E-7D0C-4C2C-9F7A-F819D0316368}.Debug|Any CPU.Build.0 = Debug|Any CPU
		{57C5C39E-7D0C-4C2C-9F7A-F819D0316368}.Release|Any CPU.ActiveCfg = Release|Any CPU
		{57C5C39E-7D0C-4C2C-9F7A-F819D0316368}.Release|Any CPU.Build.0 = Release|Any CPU
		{9E057E13-C7E6-4EAA-9621-E5C27784C30C}.Debug|Any CPU.ActiveCfg = Debug|Any CPU
		{9E057E13-C7E6-4EAA-9621-E5C27784C30C}.Debug|Any CPU.Build.0 = Debug|Any CPU
		{9E057E13-C7E6-4EAA-9621-E5C27784C30C}.Release|Any CPU.ActiveCfg = Release|Any CPU
		{9E057E13-C7E6-4EAA-9621-E5C27784C30C}.Release|Any CPU.Build.0 = Release|Any CPU
	EndGlobalSection
	GlobalSection(SolutionProperties) = preSolution
		HideSolutionNode = FALSE
	EndGlobalSection
	GlobalSection(ExtensibilityGlobals) = postSolution
		SolutionGuid = {B6ACE367-FFBE-46A5-BE37-14823DF96B08}
	EndGlobalSection
EndGlobal
